
Microsoft Visual Studio Solution File, Format Version 12.00
# Visual Studio Version 17
VisualStudioVersion = 17.4.33205.214
MinimumVisualStudioVersion = 10.0.40219.1
Project("{9A19103F-16F7-4668-BE54-9A1E7A4F7556}") = "PublisherConsole", "PublisherConsole\PublisherConsole.csproj", "{8D3D8C46-5C83-4283-AD77-A45648AA86C0}"
EndProject
Project("{9A19103F-16F7-4668-BE54-9A1E7A4F7556}") = "PublisherDomain", "PublisherDomain\PublisherDomain.csproj", "{1F08C6C3-6A3C-4A9A-BEFB-857D0DF92B32}"
EndProject
Global
	GlobalSection(SolutionConfigurationPlatforms) = preSolution
		Debug|Any CPU = Debug|Any CPU
		Release|Any CPU = Release|Any CPU
	EndGlobalSection
	GlobalSection(ProjectConfigurationPlatforms) = postSolution
		{8D3D8C46-5C83-4283-AD77-A45648AA86C0}.Debug|Any CPU.ActiveCfg = Debug|Any CPU
		{8D3D8C46-5C83-4283-AD77-A45648AA86C0}.Debug|Any CPU.Build.0 = Debug|Any CPU
		{8D3D8C46-5C83-4283-AD77-A45648AA86C0}.Release|Any CPU.ActiveCfg = Release|Any CPU
		{8D3D8C46-5C83-4283-AD77-A45648AA86C0}.Release|Any CPU.Build.0 = Release|Any CPU
		{1F08C6C3-6A3C-4A9A-BEFB-857D0DF92B32}.Debug|Any CPU.ActiveCfg = Debug|Any CPU
		{1F08C6C3-6A3C-4A9A-BEFB-857D0DF92B32}.Debug|Any CPU.Build.0 = Debug|Any CPU
		{1F08C6C3-6A3C-4A9A-BEFB-857D0DF92B32}.Release|Any CPU.ActiveCfg = Release|Any CPU
		{1F08C6C3-6A3C-4A9A-BEFB-857D0DF92B32}.Release|Any CPU.Build.0 = Release|Any CPU
	EndGlobalSection
	GlobalSection(SolutionProperties) = preSolution
		HideSolutionNode = FALSE
	EndGlobalSection
	GlobalSection(ExtensibilityGlobals) = postSolution
		SolutionGuid = {D68AC873-A18F-4856-95CB-2D3A12761A4D}
	EndGlobalSection
EndGlobal
